
Microsoft Visual Studio Solution File, Format Version 12.00
# Visual Studio Version 17
VisualStudioVersion = 17.3.32819.101
MinimumVisualStudioVersion = 10.0.40219.1
Project("{FAE04EC0-301F-11D3-BF4B-00C04F79EFBC}") = "OOPsReview", "OOPsReview\OOPsReview.csproj", "{FBB28CAB-ECEC-4C17-9649-9656976AB90C}"
EndProject
Global
	GlobalSection(SolutionConfigurationPlatforms) = preSolution
		Debug|Any CPU = Debug|Any CPU
		Release|Any CPU = Release|Any CPU
	EndGlobalSection
	GlobalSection(ProjectConfigurationPlatforms) = postSolution
		{FBB28CAB-ECEC-4C17-9649-9656976AB90C}.Debug|Any CPU.ActiveCfg = Debug|Any CPU
		{FBB28CAB-ECEC-4C17-9649-9656976AB90C}.Debug|Any CPU.Build.0 = Debug|Any CPU
		{FBB28CAB-ECEC-4C17-9649-9656976AB90C}.Release|Any CPU.ActiveCfg = Release|Any CPU
		{FBB28CAB-ECEC-4C17-9649-9656976AB90C}.Release|Any CPU.Build.0 = Release|Any CPU
	EndGlobalSection
	GlobalSection(SolutionProperties) = preSolution
		HideSolutionNode = FALSE
	EndGlobalSection
	GlobalSection(ExtensibilityGlobals) = postSolution
		SolutionGuid = {70F55493-8AB3-4C6F-9410-C73F3C7AD1B3}
	EndGlobalSection
EndGlobal
